{
  "name": "eslint-config-jacobfischer",
  "version": "1.0.0",
  "lockfileVersion": 1,
  "requires": true,
  "dependencies": {
    "@types/eslint": {
      "version": "6.8.0",
      "resolved": "https://registry.npmjs.org/@types/eslint/-/eslint-6.8.0.tgz",
      "integrity": "sha512-hqzmggoxkOubpgTdcOltkfc5N8IftRJqU70d1jbOISjjZVPvjcr+CLi2CI70hx1SUIRkLgpglTy9w28nGe2Hsw==",
      "dev": true,
      "requires": {
        "@types/estree": "*",
        "@types/json-schema": "*"
      }
    },
    "@types/estree": {
      "version": "0.0.44",
      "resolved": "https://registry.npmjs.org/@types/estree/-/estree-0.0.44.tgz",
      "integrity": "sha512-iaIVzr+w2ZJ5HkidlZ3EJM8VTZb2MJLCjw3V+505yVts0gRC4UMvjw0d1HPtGqI/HQC/KdsYtayfzl+AXY2R8g==",
      "dev": true
    },
    "@types/json-schema": {
      "version": "7.0.4",
      "resolved": "https://registry.npmjs.org/@types/json-schema/-/json-schema-7.0.4.tgz",
      "integrity": "sha512-8+KAKzEvSUdeo+kmqnKrqgeE+LcA0tjYWFY7RPProVYwnqDjukzO+3b6dLD56rYX5TdWejnEOLJYOIeh4CXKuA==",
      "dev": true
    }
  }
}
